
Microsoft Visual Studio Solution File, Format Version 12.00
# Visual Studio 15
VisualStudioVersion = 15.0.28307.572
MinimumVisualStudioVersion = 10.0.40219.1
Project("{FAE04EC0-301F-11D3-BF4B-00C04F79EFBC}") = "ChatProgram", "Client\ChatProgram.csproj", "{D68C9D20-EB01-40B9-BBDB-4401C0177759}"
EndProject
Project("{FAE04EC0-301F-11D3-BF4B-00C04F79EFBC}") = "ClientApp", "ClientApp\ClientApp.csproj", "{C81DE0EB-14EF-4EFC-9CC0-C7EB8DFB4C0B}"
EndProject
Project("{FAE04EC0-301F-11D3-BF4B-00C04F79EFBC}") = "ChatAppReloaded", "ChatAppReloaded\ChatAppReloaded.csproj", "{A16F2291-900F-4133-9647-1FEF2DAB3135}"
EndProject
Global
	GlobalSection(SolutionConfigurationPlatforms) = preSolution
		Debug|Any CPU = Debug|Any CPU
		Release|Any CPU = Release|Any CPU
	EndGlobalSection
	GlobalSection(ProjectConfigurationPlatforms) = postSolution
		{D68C9D20-EB01-40B9-BBDB-4401C0177759}.Debug|Any CPU.ActiveCfg = Debug|Any CPU
		{D68C9D20-EB01-40B9-BBDB-4401C0177759}.Debug|Any CPU.Build.0 = Debug|Any CPU
		{D68C9D20-EB01-40B9-BBDB-4401C0177759}.Release|Any CPU.ActiveCfg = Release|Any CPU
		{D68C9D20-EB01-40B9-BBDB-4401C0177759}.Release|Any CPU.Build.0 = Release|Any CPU
		{C81DE0EB-14EF-4EFC-9CC0-C7EB8DFB4C0B}.Debug|Any CPU.ActiveCfg = Debug|Any CPU
		{C81DE0EB-14EF-4EFC-9CC0-C7EB8DFB4C0B}.Debug|Any CPU.Build.0 = Debug|Any CPU
		{C81DE0EB-14EF-4EFC-9CC0-C7EB8DFB4C0B}.Release|Any CPU.ActiveCfg = Release|Any CPU
		{C81DE0EB-14EF-4EFC-9CC0-C7EB8DFB4C0B}.Release|Any CPU.Build.0 = Release|Any CPU
		{A16F2291-900F-4133-9647-1FEF2DAB3135}.Debug|Any CPU.ActiveCfg = Debug|Any CPU
		{A16F2291-900F-4133-9647-1FEF2DAB3135}.Debug|Any CPU.Build.0 = Debug|Any CPU
		{A16F2291-900F-4133-9647-1FEF2DAB3135}.Release|Any CPU.ActiveCfg = Release|Any CPU
		{A16F2291-900F-4133-9647-1FEF2DAB3135}.Release|Any CPU.Build.0 = Release|Any CPU
	EndGlobalSection
	GlobalSection(SolutionProperties) = preSolution
		HideSolutionNode = FALSE
	EndGlobalSection
	GlobalSection(ExtensibilityGlobals) = postSolution
		SolutionGuid = {95C27073-173F-46F4-A69B-A98A6AB6DB36}
	EndGlobalSection
EndGlobal
